
Microsoft Visual Studio Solution File, Format Version 12.00
# Visual Studio Version 17
VisualStudioVersion = 17.9.34723.18
MinimumVisualStudioVersion = 10.0.40219.1
Project("{FAE04EC0-301F-11D3-BF4B-00C04F79EFBC}") = "MVCExercise_Victoria", "MVCExercise_Victoria\MVCExercise_Victoria.csproj", "{2D3319C4-60A7-4B88-8C6D-C857884CB760}"
EndProject
Global
	GlobalSection(SolutionConfigurationPlatforms) = preSolution
		Debug|Any CPU = Debug|Any CPU
		Release|Any CPU = Release|Any CPU
	EndGlobalSection
	GlobalSection(ProjectConfigurationPlatforms) = postSolution
		{2D3319C4-60A7-4B88-8C6D-C857884CB760}.Debug|Any CPU.ActiveCfg = Debug|Any CPU
		{2D3319C4-60A7-4B88-8C6D-C857884CB760}.Debug|Any CPU.Build.0 = Debug|Any CPU
		{2D3319C4-60A7-4B88-8C6D-C857884CB760}.Release|Any CPU.ActiveCfg = Release|Any CPU
		{2D3319C4-60A7-4B88-8C6D-C857884CB760}.Release|Any CPU.Build.0 = Release|Any CPU
	EndGlobalSection
	GlobalSection(SolutionProperties) = preSolution
		HideSolutionNode = FALSE
	EndGlobalSection
	GlobalSection(ExtensibilityGlobals) = postSolution
		SolutionGuid = {C14D0642-6EC7-4EAF-9DFF-148D361E8502}
	EndGlobalSection
EndGlobal
